
Microsoft Visual Studio Solution File, Format Version 12.00
# Visual Studio Version 16
VisualStudioVersion = 16.0.33130.400
MinimumVisualStudioVersion = 10.0.40219.1
Project("{FAE04EC0-301F-11D3-BF4B-00C04F79EFBC}") = "WordGuessApplication", "WordGuessApplication\WordGuessApplication.csproj", "{EA49B370-F8AE-403D-B3DA-4C9271899165}"
EndProject
Global
	GlobalSection(SolutionConfigurationPlatforms) = preSolution
		Debug|Any CPU = Debug|Any CPU
		Release|Any CPU = Release|Any CPU
	EndGlobalSection
	GlobalSection(ProjectConfigurationPlatforms) = postSolution
		{EA49B370-F8AE-403D-B3DA-4C9271899165}.Debug|Any CPU.ActiveCfg = Debug|Any CPU
		{EA49B370-F8AE-403D-B3DA-4C9271899165}.Debug|Any CPU.Build.0 = Debug|Any CPU
		{EA49B370-F8AE-403D-B3DA-4C9271899165}.Release|Any CPU.ActiveCfg = Release|Any CPU
		{EA49B370-F8AE-403D-B3DA-4C9271899165}.Release|Any CPU.Build.0 = Release|Any CPU
	EndGlobalSection
	GlobalSection(SolutionProperties) = preSolution
		HideSolutionNode = FALSE
	EndGlobalSection
	GlobalSection(ExtensibilityGlobals) = postSolution
		SolutionGuid = {BD774D5D-4379-42B4-A596-59287137EDEE}
	EndGlobalSection
EndGlobal
